// !$*UTF8*$!
{
	archiveVersion = 1;
	classes = {
	};
	objectVersion = 46;
	objects = {

/* Begin PBXBuildFile section */
		2F2CF90A1A73BE92007E860C /* AboutTableViewCell.m in Sources */ = {isa = PBXBuildFile; fileRef = 2F2CF9091A73BE92007E860C /* AboutTableViewCell.m */; };
		2F2CF90E1A73C0DB007E860C /* MapViewController.m in Sources */ = {isa = PBXBuildFile; fileRef = 2F2CF90D1A73C0DB007E860C /* MapViewController.m */; };
		2F8351091A6C2E9E00C10793 /* DictionaryTableViewController.m in Sources */ = {isa = PBXBuildFile; fileRef = 2F8351041A6C2E9E00C10793 /* DictionaryTableViewController.m */; };
		2F83510A1A6C2E9E00C10793 /* DictionaryTableViewCell.m in Sources */ = {isa = PBXBuildFile; fileRef = 2F8351061A6C2E9E00C10793 /* DictionaryTableViewCell.m */; };
		2F83510B1A6C2E9E00C10793 /* WordViewController.m in Sources */ = {isa = PBXBuildFile; fileRef = 2F8351081A6C2E9E00C10793 /* WordViewController.m */; };
		2F83510E1A6C42B800C10793 /* Bolts.framework in Frameworks */ = {isa = PBXBuildFile; fileRef = 2F83510C1A6C42B800C10793 /* Bolts.framework */; };
		2F83510F1A6C42B800C10793 /* Parse.framework in Frameworks */ = {isa = PBXBuildFile; fileRef = 2F83510D1A6C42B800C10793 /* Parse.framework */; };
		2F8351111A6C42D500C10793 /* AudioToolbox.framework in Frameworks */ = {isa = PBXBuildFile; fileRef = 2F8351101A6C42D500C10793 /* AudioToolbox.framework */; };
		2F8351131A6C42DD00C10793 /* CFNetwork.framework in Frameworks */ = {isa = PBXBuildFile; fileRef = 2F8351121A6C42DD00C10793 /* CFNetwork.framework */; };
		2F8351151A6C42E600C10793 /* CoreGraphics.framework in Frameworks */ = {isa = PBXBuildFile; fileRef = 2F8351141A6C42E600C10793 /* CoreGraphics.framework */; };
		2F8351171A6C42F200C10793 /* CoreLocation.framework in Frameworks */ = {isa = PBXBuildFile; fileRef = 2F8351161A6C42F200C10793 /* CoreLocation.framework */; };
		2F8351191A6C42FE00C10793 /* MobileCoreServices.framework in Frameworks */ = {isa = PBXBuildFile; fileRef = 2F8351181A6C42FE00C10793 /* MobileCoreServices.framework */; };
		2F83511B1A6C430700C10793 /* QuartzCore.framework in Frameworks */ = {isa = PBXBuildFile; fileRef = 2F83511A1A6C430700C10793 /* QuartzCore.framework */; };
		2F83511D1A6C430F00C10793 /* Security.framework in Frameworks */ = {isa = PBXBuildFile; fileRef = 2F83511C1A6C430F00C10793 /* Security.framework */; };
		2F83511F1A6C431900C10793 /* StoreKit.framework in Frameworks */ = {isa = PBXBuildFile; fileRef = 2F83511E1A6C431900C10793 /* StoreKit.framework */; };
		2F8351211A6C432700C10793 /* SystemConfiguration.framework in Frameworks */ = {isa = PBXBuildFile; fileRef = 2F8351201A6C432700C10793 /* SystemConfiguration.framework */; };
		2F8351231A6C433200C10793 /* libz.dylib in Frameworks */ = {isa = PBXBuildFile; fileRef = 2F8351221A6C433200C10793 /* libz.dylib */; };
		2F8351251A6C433B00C10793 /* libsqlite3.dylib in Frameworks */ = {isa = PBXBuildFile; fileRef = 2F8351241A6C433B00C10793 /* libsqlite3.dylib */; };
		2F8351271A6C435100C10793 /* Accounts.framework in Frameworks */ = {isa = PBXBuildFile; fileRef = 2F8351261A6C435100C10793 /* Accounts.framework */; };
		2F8351291A6C435800C10793 /* Social.framework in Frameworks */ = {isa = PBXBuildFile; fileRef = 2F8351281A6C435800C10793 /* Social.framework */; };
		2FDAA3E01A71014F00444D84 /* MAIWebInfoTableViewCell.m in Sources */ = {isa = PBXBuildFile; fileRef = 2FDAA3DF1A71014F00444D84 /* MAIWebInfoTableViewCell.m */; };
		2FE0E6151A6B1D8600663264 /* OtherViewController.m in Sources */ = {isa = PBXBuildFile; fileRef = 2FE0E6141A6B1D8600663264 /* OtherViewController.m */; };
		2FF1435C1A6FA8CC002366E6 /* MAIWebTableViewController.m in Sources */ = {isa = PBXBuildFile; fileRef = 2FF1435B1A6FA8CC002366E6 /* MAIWebTableViewController.m */; };
		2FF1435F1A6FA8DA002366E6 /* AboutTableViewController.m in Sources */ = {isa = PBXBuildFile; fileRef = 2FF1435E1A6FA8DA002366E6 /* AboutTableViewController.m */; };
		4202E60B1A6EB0150007B587 /* MainTabBarController.m in Sources */ = {isa = PBXBuildFile; fileRef = 4202E60A1A6EB0150007B587 /* MainTabBarController.m */; };
		4202E60D1A6EB0A70007B587 /* mai_logo_big@2x.png in Resources */ = {isa = PBXBuildFile; fileRef = 4202E60C1A6EB0A70007B587 /* mai_logo_big@2x.png */; };
		420C2FA71A7006B900DCFF4A /* ParseManager.m in Sources */ = {isa = PBXBuildFile; fileRef = 420C2FA61A7006B900DCFF4A /* ParseManager.m */; };
		420C2FAB1A700E1500DCFF4A /* RectorateTableViewController.m in Sources */ = {isa = PBXBuildFile; fileRef = 420C2FAA1A700E1500DCFF4A /* RectorateTableViewController.m */; };
		420C2FAE1A70133000DCFF4A /* RectorateCell.m in Sources */ = {isa = PBXBuildFile; fileRef = 420C2FAD1A70133000DCFF4A /* RectorateCell.m */; };
		4221A6A21A7100FF008B98FC /* FacultyViewController.m in Sources */ = {isa = PBXBuildFile; fileRef = 4221A6A11A7100FF008B98FC /* FacultyViewController.m */; };
		4221A6A61A712720008B98FC /* DepartmentsTableViewController.m in Sources */ = {isa = PBXBuildFile; fileRef = 4221A6A51A712720008B98FC /* DepartmentsTableViewController.m */; };
		4221A6A91A712A5E008B98FC /* DeansOfficeTableViewController.m in Sources */ = {isa = PBXBuildFile; fileRef = 4221A6A81A712A5E008B98FC /* DeansOfficeTableViewController.m */; };
		4221A6AF1A713060008B98FC /* FourLabeledCell.m in Sources */ = {isa = PBXBuildFile; fileRef = 4221A6AE1A713060008B98FC /* FourLabeledCell.m */; };
		4221A6B21A714A2A008B98FC /* TwoLabeledCell.m in Sources */ = {isa = PBXBuildFile; fileRef = 4221A6B11A714A2A008B98FC /* TwoLabeledCell.m */; };
		42292D4A1A6C2CC60062890B /* TwitterKit.framework in Frameworks */ = {isa = PBXBuildFile; fileRef = 42292D481A6C2CC60062890B /* TwitterKit.framework */; };
		42292D4B1A6C2CC60062890B /* Fabric.framework in Frameworks */ = {isa = PBXBuildFile; fileRef = 42292D491A6C2CC60062890B /* Fabric.framework */; };
		4267E9511A6C22E0009DD00B /* TwitterKitResources.bundle in Resources */ = {isa = PBXBuildFile; fileRef = 4267E94E1A6C22E0009DD00B /* TwitterKitResources.bundle */; };
		427688361A6E8EDB00F2A9EE /* TweetCell.m in Sources */ = {isa = PBXBuildFile; fileRef = 427688351A6E8EDB00F2A9EE /* TweetCell.m */; };
		427688411A6EA38800F2A9EE /* close@2x.png in Resources */ = {isa = PBXBuildFile; fileRef = 427688401A6EA38800F2A9EE /* close@2x.png */; };
		427688441A6EA3C600F2A9EE /* WebViewController.m in Sources */ = {isa = PBXBuildFile; fileRef = 427688431A6EA3C600F2A9EE /* WebViewController.m */; };
		42D15CC71A6C15E100CB795E /* tab_map@2x.png in Resources */ = {isa = PBXBuildFile; fileRef = 42D15CC41A6C15E100CB795E /* tab_map@2x.png */; };
		42D15CC81A6C15E100CB795E /* tab_fac@2x.png in Resources */ = {isa = PBXBuildFile; fileRef = 42D15CC51A6C15E100CB795E /* tab_fac@2x.png */; };
		42D15CC91A6C15E100CB795E /* tab_news@2x.png in Resources */ = {isa = PBXBuildFile; fileRef = 42D15CC61A6C15E100CB795E /* tab_news@2x.png */; };
		42D15CCB1A6C162C00CB795E /* tab_other@2x.png in Resources */ = {isa = PBXBuildFile; fileRef = 42D15CCA1A6C162C00CB795E /* tab_other@2x.png */; };
		42D15CCF1A6C166200CB795E /* NewsViewController.m in Sources */ = {isa = PBXBuildFile; fileRef = 42D15CCE1A6C166200CB795E /* NewsViewController.m */; };
		42D15CD31A6C168700CB795E /* FacsViewController.m in Sources */ = {isa = PBXBuildFile; fileRef = 42D15CD21A6C168700CB795E /* FacsViewController.m */; };
		42E94ABD1A65912C00F13C45 /* main.m in Sources */ = {isa = PBXBuildFile; fileRef = 42E94ABC1A65912C00F13C45 /* main.m */; };
		42E94AC01A65912C00F13C45 /* AppDelegate.m in Sources */ = {isa = PBXBuildFile; fileRef = 42E94ABF1A65912C00F13C45 /* AppDelegate.m */; };
		42E94AC91A65912C00F13C45 /* Main.storyboard in Resources */ = {isa = PBXBuildFile; fileRef = 42E94AC71A65912C00F13C45 /* Main.storyboard */; };
		42E94ACB1A65912C00F13C45 /* Images.xcassets in Resources */ = {isa = PBXBuildFile; fileRef = 42E94ACA1A65912C00F13C45 /* Images.xcassets */; };
		42E94ACE1A65912C00F13C45 /* LaunchScreen.xib in Resources */ = {isa = PBXBuildFile; fileRef = 42E94ACC1A65912C00F13C45 /* LaunchScreen.xib */; };
		42E94ADA1A65912C00F13C45 /* MAIMobileTests.m in Sources */ = {isa = PBXBuildFile; fileRef = 42E94AD91A65912C00F13C45 /* MAIMobileTests.m */; };
/* End PBXBuildFile section */

/* Begin PBXContainerItemProxy section */
		42E94AD41A65912C00F13C45 /* PBXContainerItemProxy */ = {
			isa = PBXContainerItemProxy;
			containerPortal = 42E94AAF1A65912C00F13C45 /* Project object */;
			proxyType = 1;
			remoteGlobalIDString = 42E94AB61A65912C00F13C45;
			remoteInfo = MAIMobile;
		};
/* End PBXContainerItemProxy section */

/* Begin PBXFileReference section */
		2F2CF9081A73BE92007E860C /* AboutTableViewCell.h */ = {isa = PBXFileReference; fileEncoding = 4; lastKnownFileType = sourcecode.c.h; path = AboutTableViewCell.h; sourceTree = "<group>"; };
		2F2CF9091A73BE92007E860C /* AboutTableViewCell.m */ = {isa = PBXFileReference; fileEncoding = 4; lastKnownFileType = sourcecode.c.objc; path = AboutTableViewCell.m; sourceTree = "<group>"; };
		2F2CF90C1A73C0DB007E860C /* MapViewController.h */ = {isa = PBXFileReference; fileEncoding = 4; lastKnownFileType = sourcecode.c.h; path = MapViewController.h; sourceTree = "<group>"; };
		2F2CF90D1A73C0DB007E860C /* MapViewController.m */ = {isa = PBXFileReference; fileEncoding = 4; lastKnownFileType = sourcecode.c.objc; path = MapViewController.m; sourceTree = "<group>"; };
		2F8351031A6C2E9E00C10793 /* DictionaryTableViewController.h */ = {isa = PBXFileReference; fileEncoding = 4; lastKnownFileType = sourcecode.c.h; path = DictionaryTableViewController.h; sourceTree = "<group>"; };
		2F8351041A6C2E9E00C10793 /* DictionaryTableViewController.m */ = {isa = PBXFileReference; fileEncoding = 4; lastKnownFileType = sourcecode.c.objc; path = DictionaryTableViewController.m; sourceTree = "<group>"; };
		2F8351051A6C2E9E00C10793 /* DictionaryTableViewCell.h */ = {isa = PBXFileReference; fileEncoding = 4; lastKnownFileType = sourcecode.c.h; path = DictionaryTableViewCell.h; sourceTree = "<group>"; };
		2F8351061A6C2E9E00C10793 /* DictionaryTableViewCell.m */ = {isa = PBXFileReference; fileEncoding = 4; lastKnownFileType = sourcecode.c.objc; path = DictionaryTableViewCell.m; sourceTree = "<group>"; };
		2F8351071A6C2E9E00C10793 /* WordViewController.h */ = {isa = PBXFileReference; fileEncoding = 4; lastKnownFileType = sourcecode.c.h; path = WordViewController.h; sourceTree = "<group>"; };
		2F8351081A6C2E9E00C10793 /* WordViewController.m */ = {isa = PBXFileReference; fileEncoding = 4; lastKnownFileType = sourcecode.c.objc; path = WordViewController.m; sourceTree = "<group>"; };
		2F83510C1A6C42B800C10793 /* Bolts.framework */ = {isa = PBXFileReference; lastKnownFileType = wrapper.framework; path = Bolts.framework; sourceTree = "<group>"; };
		2F83510D1A6C42B800C10793 /* Parse.framework */ = {isa = PBXFileReference; lastKnownFileType = wrapper.framework; path = Parse.framework; sourceTree = "<group>"; };
		2F8351101A6C42D500C10793 /* AudioToolbox.framework */ = {isa = PBXFileReference; lastKnownFileType = wrapper.framework; name = AudioToolbox.framework; path = System/Library/Frameworks/AudioToolbox.framework; sourceTree = SDKROOT; };
		2F8351121A6C42DD00C10793 /* CFNetwork.framework */ = {isa = PBXFileReference; lastKnownFileType = wrapper.framework; name = CFNetwork.framework; path = System/Library/Frameworks/CFNetwork.framework; sourceTree = SDKROOT; };
		2F8351141A6C42E600C10793 /* CoreGraphics.framework */ = {isa = PBXFileReference; lastKnownFileType = wrapper.framework; name = CoreGraphics.framework; path = System/Library/Frameworks/CoreGraphics.framework; sourceTree = SDKROOT; };
		2F8351161A6C42F200C10793 /* CoreLocation.framework */ = {isa = PBXFileReference; lastKnownFileType = wrapper.framework; name = CoreLocation.framework; path = System/Library/Frameworks/CoreLocation.framework; sourceTree = SDKROOT; };
		2F8351181A6C42FE00C10793 /* MobileCoreServices.framework */ = {isa = PBXFileReference; lastKnownFileType = wrapper.framework; name = MobileCoreServices.framework; path = System/Library/Frameworks/MobileCoreServices.framework; sourceTree = SDKROOT; };
		2F83511A1A6C430700C10793 /* QuartzCore.framework */ = {isa = PBXFileReference; lastKnownFileType = wrapper.framework; name = QuartzCore.framework; path = System/Library/Frameworks/QuartzCore.framework; sourceTree = SDKROOT; };
		2F83511C1A6C430F00C10793 /* Security.framework */ = {isa = PBXFileReference; lastKnownFileType = wrapper.framework; name = Security.framework; path = System/Library/Frameworks/Security.framework; sourceTree = SDKROOT; };
		2F83511E1A6C431900C10793 /* StoreKit.framework */ = {isa = PBXFileReference; lastKnownFileType = wrapper.framework; name = StoreKit.framework; path = System/Library/Frameworks/StoreKit.framework; sourceTree = SDKROOT; };
		2F8351201A6C432700C10793 /* SystemConfiguration.framework */ = {isa = PBXFileReference; lastKnownFileType = wrapper.framework; name = SystemConfiguration.framework; path = System/Library/Frameworks/SystemConfiguration.framework; sourceTree = SDKROOT; };
		2F8351221A6C433200C10793 /* libz.dylib */ = {isa = PBXFileReference; lastKnownFileType = "compiled.mach-o.dylib"; name = libz.dylib; path = usr/lib/libz.dylib; sourceTree = SDKROOT; };
		2F8351241A6C433B00C10793 /* libsqlite3.dylib */ = {isa = PBXFileReference; lastKnownFileType = "compiled.mach-o.dylib"; name = libsqlite3.dylib; path = usr/lib/libsqlite3.dylib; sourceTree = SDKROOT; };
		2F8351261A6C435100C10793 /* Accounts.framework */ = {isa = PBXFileReference; lastKnownFileType = wrapper.framework; name = Accounts.framework; path = System/Library/Frameworks/Accounts.framework; sourceTree = SDKROOT; };
		2F8351281A6C435800C10793 /* Social.framework */ = {isa = PBXFileReference; lastKnownFileType = wrapper.framework; name = Social.framework; path = System/Library/Frameworks/Social.framework; sourceTree = SDKROOT; };
		2FDAA3DE1A71014F00444D84 /* MAIWebInfoTableViewCell.h */ = {isa = PBXFileReference; fileEncoding = 4; lastKnownFileType = sourcecode.c.h; path = MAIWebInfoTableViewCell.h; sourceTree = "<group>"; };
		2FDAA3DF1A71014F00444D84 /* MAIWebInfoTableViewCell.m */ = {isa = PBXFileReference; fileEncoding = 4; lastKnownFileType = sourcecode.c.objc; path = MAIWebInfoTableViewCell.m; sourceTree = "<group>"; };
		2FE0E6131A6B1D8600663264 /* OtherViewController.h */ = {isa = PBXFileReference; fileEncoding = 4; lastKnownFileType = sourcecode.c.h; path = OtherViewController.h; sourceTree = "<group>"; };
		2FE0E6141A6B1D8600663264 /* OtherViewController.m */ = {isa = PBXFileReference; fileEncoding = 4; lastKnownFileType = sourcecode.c.objc; path = OtherViewController.m; sourceTree = "<group>"; };
		2FF1435A1A6FA8CC002366E6 /* MAIWebTableViewController.h */ = {isa = PBXFileReference; fileEncoding = 4; lastKnownFileType = sourcecode.c.h; path = MAIWebTableViewController.h; sourceTree = "<group>"; };
		2FF1435B1A6FA8CC002366E6 /* MAIWebTableViewController.m */ = {isa = PBXFileReference; fileEncoding = 4; lastKnownFileType = sourcecode.c.objc; path = MAIWebTableViewController.m; sourceTree = "<group>"; };
		2FF1435D1A6FA8DA002366E6 /* AboutTableViewController.h */ = {isa = PBXFileReference; fileEncoding = 4; lastKnownFileType = sourcecode.c.h; path = AboutTableViewController.h; sourceTree = "<group>"; };
		2FF1435E1A6FA8DA002366E6 /* AboutTableViewController.m */ = {isa = PBXFileReference; fileEncoding = 4; lastKnownFileType = sourcecode.c.objc; path = AboutTableViewController.m; sourceTree = "<group>"; };
		4202E6091A6EB0150007B587 /* MainTabBarController.h */ = {isa = PBXFileReference; fileEncoding = 4; lastKnownFileType = sourcecode.c.h; path = MainTabBarController.h; sourceTree = "<group>"; };
		4202E60A1A6EB0150007B587 /* MainTabBarController.m */ = {isa = PBXFileReference; fileEncoding = 4; lastKnownFileType = sourcecode.c.objc; path = MainTabBarController.m; sourceTree = "<group>"; };
		4202E60C1A6EB0A70007B587 /* mai_logo_big@2x.png */ = {isa = PBXFileReference; lastKnownFileType = image.png; path = "mai_logo_big@2x.png"; sourceTree = "<group>"; };
		420C2FA51A7006B900DCFF4A /* ParseManager.h */ = {isa = PBXFileReference; fileEncoding = 4; lastKnownFileType = sourcecode.c.h; path = ParseManager.h; sourceTree = "<group>"; };
		420C2FA61A7006B900DCFF4A /* ParseManager.m */ = {isa = PBXFileReference; fileEncoding = 4; lastKnownFileType = sourcecode.c.objc; path = ParseManager.m; sourceTree = "<group>"; };
		420C2FA91A700E1500DCFF4A /* RectorateTableViewController.h */ = {isa = PBXFileReference; fileEncoding = 4; lastKnownFileType = sourcecode.c.h; path = RectorateTableViewController.h; sourceTree = "<group>"; };
		420C2FAA1A700E1500DCFF4A /* RectorateTableViewController.m */ = {isa = PBXFileReference; fileEncoding = 4; lastKnownFileType = sourcecode.c.objc; path = RectorateTableViewController.m; sourceTree = "<group>"; };
		420C2FAC1A70133000DCFF4A /* RectorateCell.h */ = {isa = PBXFileReference; fileEncoding = 4; lastKnownFileType = sourcecode.c.h; path = RectorateCell.h; sourceTree = "<group>"; };
		420C2FAD1A70133000DCFF4A /* RectorateCell.m */ = {isa = PBXFileReference; fileEncoding = 4; lastKnownFileType = sourcecode.c.objc; path = RectorateCell.m; sourceTree = "<group>"; };
		4221A6A01A7100FF008B98FC /* FacultyViewController.h */ = {isa = PBXFileReference; fileEncoding = 4; lastKnownFileType = sourcecode.c.h; path = FacultyViewController.h; sourceTree = "<group>"; };
		4221A6A11A7100FF008B98FC /* FacultyViewController.m */ = {isa = PBXFileReference; fileEncoding = 4; lastKnownFileType = sourcecode.c.objc; path = FacultyViewController.m; sourceTree = "<group>"; };
		4221A6A31A710742008B98FC /* PrefixHeader.pch */ = {isa = PBXFileReference; lastKnownFileType = sourcecode.c.h; path = PrefixHeader.pch; sourceTree = "<group>"; };
		4221A6A41A712720008B98FC /* DepartmentsTableViewController.h */ = {isa = PBXFileReference; fileEncoding = 4; lastKnownFileType = sourcecode.c.h; path = DepartmentsTableViewController.h; sourceTree = "<group>"; };
		4221A6A51A712720008B98FC /* DepartmentsTableViewController.m */ = {isa = PBXFileReference; fileEncoding = 4; lastKnownFileType = sourcecode.c.objc; path = DepartmentsTableViewController.m; sourceTree = "<group>"; };
		4221A6A71A712A5E008B98FC /* DeansOfficeTableViewController.h */ = {isa = PBXFileReference; fileEncoding = 4; lastKnownFileType = sourcecode.c.h; path = DeansOfficeTableViewController.h; sourceTree = "<group>"; };
		4221A6A81A712A5E008B98FC /* DeansOfficeTableViewController.m */ = {isa = PBXFileReference; fileEncoding = 4; lastKnownFileType = sourcecode.c.objc; path = DeansOfficeTableViewController.m; sourceTree = "<group>"; };
		4221A6AD1A713060008B98FC /* FourLabeledCell.h */ = {isa = PBXFileReference; fileEncoding = 4; lastKnownFileType = sourcecode.c.h; path = FourLabeledCell.h; sourceTree = "<group>"; };
		4221A6AE1A713060008B98FC /* FourLabeledCell.m */ = {isa = PBXFileReference; fileEncoding = 4; lastKnownFileType = sourcecode.c.objc; path = FourLabeledCell.m; sourceTree = "<group>"; };
		4221A6B01A714A2A008B98FC /* TwoLabeledCell.h */ = {isa = PBXFileReference; fileEncoding = 4; lastKnownFileType = sourcecode.c.h; path = TwoLabeledCell.h; sourceTree = "<group>"; };
		4221A6B11A714A2A008B98FC /* TwoLabeledCell.m */ = {isa = PBXFileReference; fileEncoding = 4; lastKnownFileType = sourcecode.c.objc; path = TwoLabeledCell.m; sourceTree = "<group>"; };
		42292D481A6C2CC60062890B /* TwitterKit.framework */ = {isa = PBXFileReference; lastKnownFileType = wrapper.framework; path = TwitterKit.framework; sourceTree = "<group>"; };
		42292D491A6C2CC60062890B /* Fabric.framework */ = {isa = PBXFileReference; lastKnownFileType = wrapper.framework; path = Fabric.framework; sourceTree = "<group>"; };
		4267E94E1A6C22E0009DD00B /* TwitterKitResources.bundle */ = {isa = PBXFileReference; lastKnownFileType = "wrapper.plug-in"; path = TwitterKitResources.bundle; sourceTree = "<group>"; };
		427688341A6E8EDB00F2A9EE /* TweetCell.h */ = {isa = PBXFileReference; fileEncoding = 4; lastKnownFileType = sourcecode.c.h; path = TweetCell.h; sourceTree = "<group>"; };
		427688351A6E8EDB00F2A9EE /* TweetCell.m */ = {isa = PBXFileReference; fileEncoding = 4; lastKnownFileType = sourcecode.c.objc; path = TweetCell.m; sourceTree = "<group>"; };
		427688401A6EA38800F2A9EE /* close@2x.png */ = {isa = PBXFileReference; lastKnownFileType = image.png; path = "close@2x.png"; sourceTree = "<group>"; };
		427688421A6EA3C600F2A9EE /* WebViewController.h */ = {isa = PBXFileReference; fileEncoding = 4; lastKnownFileType = sourcecode.c.h; path = WebViewController.h; sourceTree = "<group>"; };
		427688431A6EA3C600F2A9EE /* WebViewController.m */ = {isa = PBXFileReference; fileEncoding = 4; lastKnownFileType = sourcecode.c.objc; path = WebViewController.m; sourceTree = "<group>"; };
		42D15CC41A6C15E100CB795E /* tab_map@2x.png */ = {isa = PBXFileReference; lastKnownFileType = image.png; path = "tab_map@2x.png"; sourceTree = "<group>"; };
		42D15CC51A6C15E100CB795E /* tab_fac@2x.png */ = {isa = PBXFileReference; lastKnownFileType = image.png; path = "tab_fac@2x.png"; sourceTree = "<group>"; };
		42D15CC61A6C15E100CB795E /* tab_news@2x.png */ = {isa = PBXFileReference; lastKnownFileType = image.png; path = "tab_news@2x.png"; sourceTree = "<group>"; };
		42D15CCA1A6C162C00CB795E /* tab_other@2x.png */ = {isa = PBXFileReference; lastKnownFileType = image.png; path = "tab_other@2x.png"; sourceTree = "<group>"; };
		42D15CCD1A6C166200CB795E /* NewsViewController.h */ = {isa = PBXFileReference; fileEncoding = 4; lastKnownFileType = sourcecode.c.h; path = NewsViewController.h; sourceTree = "<group>"; };
		42D15CCE1A6C166200CB795E /* NewsViewController.m */ = {isa = PBXFileReference; fileEncoding = 4; lastKnownFileType = sourcecode.c.objc; path = NewsViewController.m; sourceTree = "<group>"; };
		42D15CD11A6C168700CB795E /* FacsViewController.h */ = {isa = PBXFileReference; fileEncoding = 4; lastKnownFileType = sourcecode.c.h; path = FacsViewController.h; sourceTree = "<group>"; };
		42D15CD21A6C168700CB795E /* FacsViewController.m */ = {isa = PBXFileReference; fileEncoding = 4; lastKnownFileType = sourcecode.c.objc; path = FacsViewController.m; sourceTree = "<group>"; };
		42E94AB71A65912C00F13C45 /* MAIMobile.app */ = {isa = PBXFileReference; explicitFileType = wrapper.application; includeInIndex = 0; path = MAIMobile.app; sourceTree = BUILT_PRODUCTS_DIR; };
		42E94ABB1A65912C00F13C45 /* Info.plist */ = {isa = PBXFileReference; lastKnownFileType = text.plist.xml; path = Info.plist; sourceTree = "<group>"; };
		42E94ABC1A65912C00F13C45 /* main.m */ = {isa = PBXFileReference; lastKnownFileType = sourcecode.c.objc; path = main.m; sourceTree = "<group>"; };
		42E94ABE1A65912C00F13C45 /* AppDelegate.h */ = {isa = PBXFileReference; lastKnownFileType = sourcecode.c.h; path = AppDelegate.h; sourceTree = "<group>"; };
		42E94ABF1A65912C00F13C45 /* AppDelegate.m */ = {isa = PBXFileReference; lastKnownFileType = sourcecode.c.objc; path = AppDelegate.m; sourceTree = "<group>"; };
		42E94AC81A65912C00F13C45 /* Base */ = {isa = PBXFileReference; lastKnownFileType = file.storyboard; name = Base; path = Base.lproj/Main.storyboard; sourceTree = "<group>"; };
		42E94ACA1A65912C00F13C45 /* Images.xcassets */ = {isa = PBXFileReference; lastKnownFileType = folder.assetcatalog; path = Images.xcassets; sourceTree = "<group>"; };
		42E94ACD1A65912C00F13C45 /* Base */ = {isa = PBXFileReference; lastKnownFileType = file.xib; name = Base; path = Base.lproj/LaunchScreen.xib; sourceTree = "<group>"; };
		42E94AD31A65912C00F13C45 /* MAIMobileTests.xctest */ = {isa = PBXFileReference; explicitFileType = wrapper.cfbundle; includeInIndex = 0; path = MAIMobileTests.xctest; sourceTree = BUILT_PRODUCTS_DIR; };
		42E94AD81A65912C00F13C45 /* Info.plist */ = {isa = PBXFileReference; lastKnownFileType = text.plist.xml; path = Info.plist; sourceTree = "<group>"; };
		42E94AD91A65912C00F13C45 /* MAIMobileTests.m */ = {isa = PBXFileReference; lastKnownFileType = sourcecode.c.objc; path = MAIMobileTests.m; sourceTree = "<group>"; };
/* End PBXFileReference section */

/* Begin PBXFrameworksBuildPhase section */
		42E94AB41A65912C00F13C45 /* Frameworks */ = {
			isa = PBXFrameworksBuildPhase;
			buildActionMask = 2147483647;
			files = (
				2F8351291A6C435800C10793 /* Social.framework in Frameworks */,
				2F8351271A6C435100C10793 /* Accounts.framework in Frameworks */,
				2F8351251A6C433B00C10793 /* libsqlite3.dylib in Frameworks */,
				2F8351231A6C433200C10793 /* libz.dylib in Frameworks */,
				2F8351211A6C432700C10793 /* SystemConfiguration.framework in Frameworks */,
				2F83511F1A6C431900C10793 /* StoreKit.framework in Frameworks */,
				2F83511D1A6C430F00C10793 /* Security.framework in Frameworks */,
				2F83511B1A6C430700C10793 /* QuartzCore.framework in Frameworks */,
				2F8351191A6C42FE00C10793 /* MobileCoreServices.framework in Frameworks */,
				2F8351171A6C42F200C10793 /* CoreLocation.framework in Frameworks */,
				2F8351151A6C42E600C10793 /* CoreGraphics.framework in Frameworks */,
				2F8351131A6C42DD00C10793 /* CFNetwork.framework in Frameworks */,
				2F8351111A6C42D500C10793 /* AudioToolbox.framework in Frameworks */,
				2F83510E1A6C42B800C10793 /* Bolts.framework in Frameworks */,
				42292D4A1A6C2CC60062890B /* TwitterKit.framework in Frameworks */,
				2F83510F1A6C42B800C10793 /* Parse.framework in Frameworks */,
				42292D4B1A6C2CC60062890B /* Fabric.framework in Frameworks */,
			);
			runOnlyForDeploymentPostprocessing = 0;
		};
		42E94AD01A65912C00F13C45 /* Frameworks */ = {
			isa = PBXFrameworksBuildPhase;
			buildActionMask = 2147483647;
			files = (
			);
			runOnlyForDeploymentPostprocessing = 0;
		};
/* End PBXFrameworksBuildPhase section */

/* Begin PBXGroup section */
		2F2CF90B1A73C0B5007E860C /* 3. Map */ = {
			isa = PBXGroup;
			children = (
				2F2CF90C1A73C0DB007E860C /* MapViewController.h */,
				2F2CF90D1A73C0DB007E860C /* MapViewController.m */,
			);
			name = "3. Map";
			sourceTree = "<group>";
		};
		420C2FA81A700B3C00DCFF4A /* Cells */ = {
			isa = PBXGroup;
			children = (
				427688341A6E8EDB00F2A9EE /* TweetCell.h */,
				427688351A6E8EDB00F2A9EE /* TweetCell.m */,
			);
			name = Cells;
			sourceTree = "<group>";
		};
		420C2FAF1A70133400DCFF4A /* Cells */ = {
			isa = PBXGroup;
			children = (
				420C2FAC1A70133000DCFF4A /* RectorateCell.h */,
				420C2FAD1A70133000DCFF4A /* RectorateCell.m */,
				4221A6AD1A713060008B98FC /* FourLabeledCell.h */,
				4221A6AE1A713060008B98FC /* FourLabeledCell.m */,
				4221A6B01A714A2A008B98FC /* TwoLabeledCell.h */,
				4221A6B11A714A2A008B98FC /* TwoLabeledCell.m */,
			);
			name = Cells;
			sourceTree = "<group>";
		};
		4267E9531A6C25BF009DD00B /* Frameworks */ = {
			isa = PBXGroup;
			children = (
				2F8351241A6C433B00C10793 /* libsqlite3.dylib */,
				2F8351221A6C433200C10793 /* libz.dylib */,
				2F8351201A6C432700C10793 /* SystemConfiguration.framework */,
				2F83511E1A6C431900C10793 /* StoreKit.framework */,
				2F83511C1A6C430F00C10793 /* Security.framework */,
				2F83511A1A6C430700C10793 /* QuartzCore.framework */,
				2F8351181A6C42FE00C10793 /* MobileCoreServices.framework */,
				2F8351161A6C42F200C10793 /* CoreLocation.framework */,
				2F8351141A6C42E600C10793 /* CoreGraphics.framework */,
				2F8351121A6C42DD00C10793 /* CFNetwork.framework */,
				2F8351101A6C42D500C10793 /* AudioToolbox.framework */,
				2F83510C1A6C42B800C10793 /* Bolts.framework */,
				2F83510D1A6C42B800C10793 /* Parse.framework */,
				42292D481A6C2CC60062890B /* TwitterKit.framework */,
				42292D491A6C2CC60062890B /* Fabric.framework */,
				4267E94E1A6C22E0009DD00B /* TwitterKitResources.bundle */,
			);
			name = Frameworks;
			sourceTree = "<group>";
		};
		4276883D1A6E986000F2A9EE /* Additionals */ = {
			isa = PBXGroup;
			children = (
				4276883E1A6E986D00F2A9EE /* Classes */,
				4276883F1A6E987300F2A9EE /* Categories */,
				4221A6A31A710742008B98FC /* PrefixHeader.pch */,
			);
			name = Additionals;
			sourceTree = "<group>";
		};
		4276883E1A6E986D00F2A9EE /* Classes */ = {
			isa = PBXGroup;
			children = (
				4202E6091A6EB0150007B587 /* MainTabBarController.h */,
				4202E60A1A6EB0150007B587 /* MainTabBarController.m */,
				427688421A6EA3C600F2A9EE /* WebViewController.h */,
				427688431A6EA3C600F2A9EE /* WebViewController.m */,
				420C2FA51A7006B900DCFF4A /* ParseManager.h */,
				420C2FA61A7006B900DCFF4A /* ParseManager.m */,
			);
			name = Classes;
			sourceTree = "<group>";
		};
		4276883F1A6E987300F2A9EE /* Categories */ = {
			isa = PBXGroup;
			children = (
			);
			name = Categories;
			sourceTree = "<group>";
		};
		42D15CB41A6C143A00CB795E /* View Controllers */ = {
			isa = PBXGroup;
			children = (
				42D15CD01A6C166C00CB795E /* 1. News */,
				42D15CD41A6C169000CB795E /* 2. Facs */,
				2F2CF90B1A73C0B5007E860C /* 3. Map */,
				42D15CCC1A6C164800CB795E /* 4. Other */,
			);
			name = "View Controllers";
			sourceTree = "<group>";
		};
		42D15CBD1A6C146B00CB795E /* Images */ = {
			isa = PBXGroup;
			children = (
				4202E60C1A6EB0A70007B587 /* mai_logo_big@2x.png */,
				427688401A6EA38800F2A9EE /* close@2x.png */,
				42D15CC41A6C15E100CB795E /* tab_map@2x.png */,
				42D15CC51A6C15E100CB795E /* tab_fac@2x.png */,
				42D15CC61A6C15E100CB795E /* tab_news@2x.png */,
				42D15CCA1A6C162C00CB795E /* tab_other@2x.png */,
			);
			name = Images;
			sourceTree = "<group>";
		};
		42D15CCC1A6C164800CB795E /* 4. Other */ = {
			isa = PBXGroup;
			children = (
				2FE0E6131A6B1D8600663264 /* OtherViewController.h */,
				2FE0E6141A6B1D8600663264 /* OtherViewController.m */,
				2F8351031A6C2E9E00C10793 /* DictionaryTableViewController.h */,
				2F8351041A6C2E9E00C10793 /* DictionaryTableViewController.m */,
				2F8351051A6C2E9E00C10793 /* DictionaryTableViewCell.h */,
				2F8351061A6C2E9E00C10793 /* DictionaryTableViewCell.m */,
				2F8351071A6C2E9E00C10793 /* WordViewController.h */,
				2F8351081A6C2E9E00C10793 /* WordViewController.m */,
				2FF1435A1A6FA8CC002366E6 /* MAIWebTableViewController.h */,
				2FF1435B1A6FA8CC002366E6 /* MAIWebTableViewController.m */,
				2FF1435D1A6FA8DA002366E6 /* AboutTableViewController.h */,
				2FF1435E1A6FA8DA002366E6 /* AboutTableViewController.m */,
				2F2CF9081A73BE92007E860C /* AboutTableViewCell.h */,
				2F2CF9091A73BE92007E860C /* AboutTableViewCell.m */,
				2FDAA3DE1A71014F00444D84 /* MAIWebInfoTableViewCell.h */,
				2FDAA3DF1A71014F00444D84 /* MAIWebInfoTableViewCell.m */,
			);
			name = "4. Other";
			sourceTree = "<group>";
		};
		42D15CD01A6C166C00CB795E /* 1. News */ = {
			isa = PBXGroup;
			children = (
				42D15CCD1A6C166200CB795E /* NewsViewController.h */,
				42D15CCE1A6C166200CB795E /* NewsViewController.m */,
				420C2FA81A700B3C00DCFF4A /* Cells */,
			);
			name = "1. News";
			sourceTree = "<group>";
		};
		42D15CD41A6C169000CB795E /* 2. Facs */ = {
			isa = PBXGroup;
			children = (
				42D15CD11A6C168700CB795E /* FacsViewController.h */,
				42D15CD21A6C168700CB795E /* FacsViewController.m */,
				420C2FA91A700E1500DCFF4A /* RectorateTableViewController.h */,
				420C2FAA1A700E1500DCFF4A /* RectorateTableViewController.m */,
				4221A6A01A7100FF008B98FC /* FacultyViewController.h */,
				4221A6A11A7100FF008B98FC /* FacultyViewController.m */,
				4221A6A41A712720008B98FC /* DepartmentsTableViewController.h */,
				4221A6A51A712720008B98FC /* DepartmentsTableViewController.m */,
				4221A6A71A712A5E008B98FC /* DeansOfficeTableViewController.h */,
				4221A6A81A712A5E008B98FC /* DeansOfficeTableViewController.m */,
				420C2FAF1A70133400DCFF4A /* Cells */,
			);
			name = "2. Facs";
			sourceTree = "<group>";
		};
		42E94AAE1A65912C00F13C45 = {
			isa = PBXGroup;
			children = (
				2F8351281A6C435800C10793 /* Social.framework */,
				2F8351261A6C435100C10793 /* Accounts.framework */,
				42E94AB91A65912C00F13C45 /* MAIMobile */,
				42E94AD61A65912C00F13C45 /* MAIMobileTests */,
				42E94AB81A65912C00F13C45 /* Products */,
			);
			sourceTree = "<group>";
		};
		42E94AB81A65912C00F13C45 /* Products */ = {
			isa = PBXGroup;
			children = (
				42E94AB71A65912C00F13C45 /* MAIMobile.app */,
				42E94AD31A65912C00F13C45 /* MAIMobileTests.xctest */,
			);
			name = Products;
			sourceTree = "<group>";
		};
		42E94AB91A65912C00F13C45 /* MAIMobile */ = {
			isa = PBXGroup;
			children = (
				42E94ABE1A65912C00F13C45 /* AppDelegate.h */,
				42E94ABF1A65912C00F13C45 /* AppDelegate.m */,
				42D15CB41A6C143A00CB795E /* View Controllers */,
				42E94AC71A65912C00F13C45 /* Main.storyboard */,
				4276883D1A6E986000F2A9EE /* Additionals */,
				42E94ACA1A65912C00F13C45 /* Images.xcassets */,
				42E94ACC1A65912C00F13C45 /* LaunchScreen.xib */,
				42E94ABA1A65912C00F13C45 /* Supporting Files */,
			);
			path = MAIMobile;
			sourceTree = "<group>";
		};
		42E94ABA1A65912C00F13C45 /* Supporting Files */ = {
			isa = PBXGroup;
			children = (
				4267E9531A6C25BF009DD00B /* Frameworks */,
				42D15CBD1A6C146B00CB795E /* Images */,
				42E94ABB1A65912C00F13C45 /* Info.plist */,
				42E94ABC1A65912C00F13C45 /* main.m */,
			);
			name = "Supporting Files";
			sourceTree = "<group>";
		};
		42E94AD61A65912C00F13C45 /* MAIMobileTests */ = {
			isa = PBXGroup;
			children = (
				42E94AD91A65912C00F13C45 /* MAIMobileTests.m */,
				42E94AD71A65912C00F13C45 /* Supporting Files */,
			);
			path = MAIMobileTests;
			sourceTree = "<group>";
		};
		42E94AD71A65912C00F13C45 /* Supporting Files */ = {
			isa = PBXGroup;
			children = (
				42E94AD81A65912C00F13C45 /* Info.plist */,
			);
			name = "Supporting Files";
			sourceTree = "<group>";
		};
/* End PBXGroup section */

/* Begin PBXNativeTarget section */
		42E94AB61A65912C00F13C45 /* MAIMobile */ = {
			isa = PBXNativeTarget;
			buildConfigurationList = 42E94ADD1A65912C00F13C45 /* Build configuration list for PBXNativeTarget "MAIMobile" */;
			buildPhases = (
				42E94AB31A65912C00F13C45 /* Sources */,
				42E94AB41A65912C00F13C45 /* Frameworks */,
				42E94AB51A65912C00F13C45 /* Resources */,
				4267E94C1A6C22C3009DD00B /* Fabric */,
			);
			buildRules = (
			);
			dependencies = (
			);
			name = MAIMobile;
			productName = MAIMobile;
			productReference = 42E94AB71A65912C00F13C45 /* MAIMobile.app */;
			productType = "com.apple.product-type.application";
		};
		42E94AD21A65912C00F13C45 /* MAIMobileTests */ = {
			isa = PBXNativeTarget;
			buildConfigurationList = 42E94AE01A65912C00F13C45 /* Build configuration list for PBXNativeTarget "MAIMobileTests" */;
			buildPhases = (
				42E94ACF1A65912C00F13C45 /* Sources */,
				42E94AD01A65912C00F13C45 /* Frameworks */,
				42E94AD11A65912C00F13C45 /* Resources */,
			);
			buildRules = (
			);
			dependencies = (
				42E94AD51A65912C00F13C45 /* PBXTargetDependency */,
			);
			name = MAIMobileTests;
			productName = MAIMobileTests;
			productReference = 42E94AD31A65912C00F13C45 /* MAIMobileTests.xctest */;
			productType = "com.apple.product-type.bundle.unit-test";
		};
/* End PBXNativeTarget section */

/* Begin PBXProject section */
		42E94AAF1A65912C00F13C45 /* Project object */ = {
			isa = PBXProject;
			attributes = {
				LastUpgradeCheck = 0610;
				ORGANIZATIONNAME = MAI;
				TargetAttributes = {
					42E94AB61A65912C00F13C45 = {
						CreatedOnToolsVersion = 6.1.1;
						DevelopmentTeam = JPXHBUZBNM;
					};
					42E94AD21A65912C00F13C45 = {
						CreatedOnToolsVersion = 6.1.1;
						TestTargetID = 42E94AB61A65912C00F13C45;
					};
				};
			};
			buildConfigurationList = 42E94AB21A65912C00F13C45 /* Build configuration list for PBXProject "MAIMobile" */;
			compatibilityVersion = "Xcode 3.2";
			developmentRegion = English;
			hasScannedForEncodings = 0;
			knownRegions = (
				en,
				Base,
			);
			mainGroup = 42E94AAE1A65912C00F13C45;
			productRefGroup = 42E94AB81A65912C00F13C45 /* Products */;
			projectDirPath = "";
			projectRoot = "";
			targets = (
				42E94AB61A65912C00F13C45 /* MAIMobile */,
				42E94AD21A65912C00F13C45 /* MAIMobileTests */,
			);
		};
/* End PBXProject section */

/* Begin PBXResourcesBuildPhase section */
		42E94AB51A65912C00F13C45 /* Resources */ = {
			isa = PBXResourcesBuildPhase;
			buildActionMask = 2147483647;
			files = (
				427688411A6EA38800F2A9EE /* close@2x.png in Resources */,
				4267E9511A6C22E0009DD00B /* TwitterKitResources.bundle in Resources */,
				4202E60D1A6EB0A70007B587 /* mai_logo_big@2x.png in Resources */,
				42E94AC91A65912C00F13C45 /* Main.storyboard in Resources */,
				42D15CC91A6C15E100CB795E /* tab_news@2x.png in Resources */,
				42E94ACE1A65912C00F13C45 /* LaunchScreen.xib in Resources */,
				42D15CC81A6C15E100CB795E /* tab_fac@2x.png in Resources */,
				42D15CCB1A6C162C00CB795E /* tab_other@2x.png in Resources */,
				42D15CC71A6C15E100CB795E /* tab_map@2x.png in Resources */,
				42E94ACB1A65912C00F13C45 /* Images.xcassets in Resources */,
			);
			runOnlyForDeploymentPostprocessing = 0;
		};
		42E94AD11A65912C00F13C45 /* Resources */ = {
			isa = PBXResourcesBuildPhase;
			buildActionMask = 2147483647;
			files = (
			);
			runOnlyForDeploymentPostprocessing = 0;
		};
/* End PBXResourcesBuildPhase section */

/* Begin PBXShellScriptBuildPhase section */
		4267E94C1A6C22C3009DD00B /* Fabric */ = {
			isa = PBXShellScriptBuildPhase;
			buildActionMask = 2147483647;
			files = (
			);
			inputPaths = (
			);
			name = Fabric;
			outputPaths = (
			);
			runOnlyForDeploymentPostprocessing = 0;
			shellPath = /bin/sh;
			shellScript = "./MAIMobile/Fabric.framework/run 3801dc707dccf565d5e0985f1ee09f0b159a050c c860413804fe3f3cb998c77f80677fd4398615795aa0a2e1597f00be6e5e051b";
		};
/* End PBXShellScriptBuildPhase section */

/* Begin PBXSourcesBuildPhase section */
		42E94AB31A65912C00F13C45 /* Sources */ = {
			isa = PBXSourcesBuildPhase;
			buildActionMask = 2147483647;
			files = (
				427688361A6E8EDB00F2A9EE /* TweetCell.m in Sources */,
				2F83510A1A6C2E9E00C10793 /* DictionaryTableViewCell.m in Sources */,
				4221A6AF1A713060008B98FC /* FourLabeledCell.m in Sources */,
				2F2CF90E1A73C0DB007E860C /* MapViewController.m in Sources */,
				4221A6A91A712A5E008B98FC /* DeansOfficeTableViewController.m in Sources */,
				2FE0E6151A6B1D8600663264 /* OtherViewController.m in Sources */,
				420C2FAE1A70133000DCFF4A /* RectorateCell.m in Sources */,
				2F83510B1A6C2E9E00C10793 /* WordViewController.m in Sources */,
				42E94AC01A65912C00F13C45 /* AppDelegate.m in Sources */,
				4202E60B1A6EB0150007B587 /* MainTabBarController.m in Sources */,
				2FF1435C1A6FA8CC002366E6 /* MAIWebTableViewController.m in Sources */,
				4221A6A21A7100FF008B98FC /* FacultyViewController.m in Sources */,
				427688441A6EA3C600F2A9EE /* WebViewController.m in Sources */,
				4221A6B21A714A2A008B98FC /* TwoLabeledCell.m in Sources */,
				420C2FAB1A700E1500DCFF4A /* RectorateTableViewController.m in Sources */,
				42D15CD31A6C168700CB795E /* FacsViewController.m in Sources */,
				42E94ABD1A65912C00F13C45 /* main.m in Sources */,
				42D15CCF1A6C166200CB795E /* NewsViewController.m in Sources */,
				2FDAA3E01A71014F00444D84 /* MAIWebInfoTableViewCell.m in Sources */,
				2FF1435F1A6FA8DA002366E6 /* AboutTableViewController.m in Sources */,
				2F8351091A6C2E9E00C10793 /* DictionaryTableViewController.m in Sources */,
				420C2FA71A7006B900DCFF4A /* ParseManager.m in Sources */,
				4221A6A61A712720008B98FC /* DepartmentsTableViewController.m in Sources */,
				2F2CF90A1A73BE92007E860C /* AboutTableViewCell.m in Sources */,
			);
			runOnlyForDeploymentPostprocessing = 0;
		};
		42E94ACF1A65912C00F13C45 /* Sources */ = {
			isa = PBXSourcesBuildPhase;
			buildActionMask = 2147483647;
			files = (
				42E94ADA1A65912C00F13C45 /* MAIMobileTests.m in Sources */,
			);
			runOnlyForDeploymentPostprocessing = 0;
		};
/* End PBXSourcesBuildPhase section */

/* Begin PBXTargetDependency section */
		42E94AD51A65912C00F13C45 /* PBXTargetDependency */ = {
			isa = PBXTargetDependency;
			target = 42E94AB61A65912C00F13C45 /* MAIMobile */;
			targetProxy = 42E94AD41A65912C00F13C45 /* PBXContainerItemProxy */;
		};
/* End PBXTargetDependency section */

/* Begin PBXVariantGroup section */
		42E94AC71A65912C00F13C45 /* Main.storyboard */ = {
			isa = PBXVariantGroup;
			children = (
				42E94AC81A65912C00F13C45 /* Base */,
			);
			name = Main.storyboard;
			sourceTree = "<group>";
		};
		42E94ACC1A65912C00F13C45 /* LaunchScreen.xib */ = {
			isa = PBXVariantGroup;
			children = (
				42E94ACD1A65912C00F13C45 /* Base */,
			);
			name = LaunchScreen.xib;
			sourceTree = "<group>";
		};
/* End PBXVariantGroup section */

/* Begin XCBuildConfiguration section */
		42E94ADB1A65912C00F13C45 /* Debug */ = {
			isa = XCBuildConfiguration;
			buildSettings = {
				ALWAYS_SEARCH_USER_PATHS = NO;
				CLANG_CXX_LANGUAGE_STANDARD = "gnu++0x";
				CLANG_CXX_LIBRARY = "libc++";
				CLANG_ENABLE_MODULES = YES;
				CLANG_ENABLE_OBJC_ARC = YES;
				CLANG_WARN_BOOL_CONVERSION = YES;
				CLANG_WARN_CONSTANT_CONVERSION = YES;
				CLANG_WARN_DIRECT_OBJC_ISA_USAGE = YES_ERROR;
				CLANG_WARN_EMPTY_BODY = YES;
				CLANG_WARN_ENUM_CONVERSION = YES;
				CLANG_WARN_INT_CONVERSION = YES;
				CLANG_WARN_OBJC_ROOT_CLASS = YES_ERROR;
				CLANG_WARN_UNREACHABLE_CODE = YES;
				CLANG_WARN__DUPLICATE_METHOD_MATCH = YES;
				"CODE_SIGN_IDENTITY[sdk=iphoneos*]" = "iPhone Developer";
				COPY_PHASE_STRIP = NO;
				ENABLE_STRICT_OBJC_MSGSEND = YES;
				GCC_C_LANGUAGE_STANDARD = gnu99;
				GCC_DYNAMIC_NO_PIC = NO;
				GCC_OPTIMIZATION_LEVEL = 0;
				GCC_PREPROCESSOR_DEFINITIONS = (
					"DEBUG=1",
					"$(inherited)",
				);
				GCC_SYMBOLS_PRIVATE_EXTERN = NO;
				GCC_WARN_64_TO_32_BIT_CONVERSION = YES;
				GCC_WARN_ABOUT_RETURN_TYPE = YES_ERROR;
				GCC_WARN_UNDECLARED_SELECTOR = YES;
				GCC_WARN_UNINITIALIZED_AUTOS = YES_AGGRESSIVE;
				GCC_WARN_UNUSED_FUNCTION = YES;
				GCC_WARN_UNUSED_VARIABLE = YES;
				IPHONEOS_DEPLOYMENT_TARGET = 8.1;
				MTL_ENABLE_DEBUG_INFO = YES;
				ONLY_ACTIVE_ARCH = YES;
				SDKROOT = iphoneos;
			};
			name = Debug;
		};
		42E94ADC1A65912C00F13C45 /* Release */ = {
			isa = XCBuildConfiguration;
			buildSettings = {
				ALWAYS_SEARCH_USER_PATHS = NO;
				CLANG_CXX_LANGUAGE_STANDARD = "gnu++0x";
				CLANG_CXX_LIBRARY = "libc++";
				CLANG_ENABLE_MODULES = YES;
				CLANG_ENABLE_OBJC_ARC = YES;
				CLANG_WARN_BOOL_CONVERSION = YES;
				CLANG_WARN_CONSTANT_CONVERSION = YES;
				CLANG_WARN_DIRECT_OBJC_ISA_USAGE = YES_ERROR;
				CLANG_WARN_EMPTY_BODY = YES;
				CLANG_WARN_ENUM_CONVERSION = YES;
				CLANG_WARN_INT_CONVERSION = YES;
				CLANG_WARN_OBJC_ROOT_CLASS = YES_ERROR;
				CLANG_WARN_UNREACHABLE_CODE = YES;
				CLANG_WARN__DUPLICATE_METHOD_MATCH = YES;
				"CODE_SIGN_IDENTITY[sdk=iphoneos*]" = "iPhone Developer";
				COPY_PHASE_STRIP = YES;
				ENABLE_NS_ASSERTIONS = NO;
				ENABLE_STRICT_OBJC_MSGSEND = YES;
				GCC_C_LANGUAGE_STANDARD = gnu99;
				GCC_WARN_64_TO_32_BIT_CONVERSION = YES;
				GCC_WARN_ABOUT_RETURN_TYPE = YES_ERROR;
				GCC_WARN_UNDECLARED_SELECTOR = YES;
				GCC_WARN_UNINITIALIZED_AUTOS = YES_AGGRESSIVE;
				GCC_WARN_UNUSED_FUNCTION = YES;
				GCC_WARN_UNUSED_VARIABLE = YES;
				IPHONEOS_DEPLOYMENT_TARGET = 8.1;
				MTL_ENABLE_DEBUG_INFO = NO;
				SDKROOT = iphoneos;
				VALIDATE_PRODUCT = YES;
			};
			name = Release;
		};
		42E94ADE1A65912C00F13C45 /* Debug */ = {
			isa = XCBuildConfiguration;
			buildSettings = {
				ASSETCATALOG_COMPILER_APPICON_NAME = AppIcon;
				ASSETCATALOG_COMPILER_LAUNCHIMAGE_NAME = LaunchImage;
				CODE_SIGN_IDENTITY = "iPhone Developer";
				"CODE_SIGN_IDENTITY[sdk=iphoneos*]" = "iPhone Developer";
				FRAMEWORK_SEARCH_PATHS = (
					"$(inherited)",
					"$(PROJECT_DIR)/MAIMobile",
				);
				GCC_PREFIX_HEADER = MAIMobile/PrefixHeader.pch;
				INFOPLIST_FILE = MAIMobile/Info.plist;
				IPHONEOS_DEPLOYMENT_TARGET = 7.1;
				LD_RUNPATH_SEARCH_PATHS = "$(inherited) @executable_path/Frameworks";
				PRODUCT_NAME = "$(TARGET_NAME)";
				PROVISIONING_PROFILE = "";
			};
			name = Debug;
		};
		42E94ADF1A65912C00F13C45 /* Release */ = {
			isa = XCBuildConfiguration;
			buildSettings = {
				ASSETCATALOG_COMPILER_APPICON_NAME = AppIcon;
				ASSETCATALOG_COMPILER_LAUNCHIMAGE_NAME = LaunchImage;
				CODE_SIGN_IDENTITY = "iPhone Developer";
				"CODE_SIGN_IDENTITY[sdk=iphoneos*]" = "iPhone Developer";
				FRAMEWORK_SEARCH_PATHS = (
					"$(inherited)",
					"$(PROJECT_DIR)/MAIMobile",
				);
				GCC_PREFIX_HEADER = MAIMobile/PrefixHeader.pch;
				INFOPLIST_FILE = MAIMobile/Info.plist;
				IPHONEOS_DEPLOYMENT_TARGET = 7.1;
				LD_RUNPATH_SEARCH_PATHS = "$(inherited) @executable_path/Frameworks";
				PRODUCT_NAME = "$(TARGET_NAME)";
				PROVISIONING_PROFILE = "";
			};
			name = Release;
		};
		42E94AE11A65912C00F13C45 /* Debug */ = {
			isa = XCBuildConfiguration;
			buildSettings = {
				BUNDLE_LOADER = "$(TEST_HOST)";
				FRAMEWORK_SEARCH_PATHS = (
					"$(SDKROOT)/Developer/Library/Frameworks",
					"$(inherited)",
				);
				GCC_PREPROCESSOR_DEFINITIONS = (
					"DEBUG=1",
					"$(inherited)",
				);
				INFOPLIST_FILE = MAIMobileTests/Info.plist;
				LD_RUNPATH_SEARCH_PATHS = "$(inherited) @executable_path/Frameworks @loader_path/Frameworks";
				PRODUCT_NAME = "$(TARGET_NAME)";
				TEST_HOST = "$(BUILT_PRODUCTS_DIR)/MAIMobile.app/MAIMobile";
			};
			name = Debug;
		};
		42E94AE21A65912C00F13C45 /* Release */ = {
			isa = XCBuildConfiguration;
			buildSettings = {
				BUNDLE_LOADER = "$(TEST_HOST)";
				FRAMEWORK_SEARCH_PATHS = (
					"$(SDKROOT)/Developer/Library/Frameworks",
					"$(inherited)",
				);
				INFOPLIST_FILE = MAIMobileTests/Info.plist;
				LD_RUNPATH_SEARCH_PATHS = "$(inherited) @executable_path/Frameworks @loader_path/Frameworks";
				PRODUCT_NAME = "$(TARGET_NAME)";
				TEST_HOST = "$(BUILT_PRODUCTS_DIR)/MAIMobile.app/MAIMobile";
			};
			name = Release;
		};
/* End XCBuildConfiguration section */

/* Begin XCConfigurationList section */
		42E94AB21A65912C00F13C45 /* Build configuration list for PBXProject "MAIMobile" */ = {
			isa = XCConfigurationList;
			buildConfigurations = (
				42E94ADB1A65912C00F13C45 /* Debug */,
				42E94ADC1A65912C00F13C45 /* Release */,
			);
			defaultConfigurationIsVisible = 0;
			defaultConfigurationName = Release;
		};
		42E94ADD1A65912C00F13C45 /* Build configuration list for PBXNativeTarget "MAIMobile" */ = {
			isa = XCConfigurationList;
			buildConfigurations = (
				42E94ADE1A65912C00F13C45 /* Debug */,
				42E94ADF1A65912C00F13C45 /* Release */,
			);
			defaultConfigurationIsVisible = 0;
			defaultConfigurationName = Release;
		};
		42E94AE01A65912C00F13C45 /* Build configuration list for PBXNativeTarget "MAIMobileTests" */ = {
			isa = XCConfigurationList;
			buildConfigurations = (
				42E94AE11A65912C00F13C45 /* Debug */,
				42E94AE21A65912C00F13C45 /* Release */,
			);
			defaultConfigurationIsVisible = 0;
			defaultConfigurationName = Release;
		};
/* End XCConfigurationList section */
	};
	rootObject = 42E94AAF1A65912C00F13C45 /* Project object */;
}
